
Microsoft Visual Studio Solution File, Format Version 12.00
Project("{FAE04EC0-301F-11D3-BF4B-00C04F79EFBC}") = "NPCConvo", "NPCConvo\NPCConvo.csproj", "{CFADF206-5E05-4C72-A239-8FC232361BCC}"
EndProject
Project("{FAE04EC0-301F-11D3-BF4B-00C04F79EFBC}") = "QuickTeleport", "QuickTeleport\QuickTeleport.csproj", "{DD499BEE-3A3F-491A-BE9D-64A94979BD73}"
EndProject
Project("{FAE04EC0-301F-11D3-BF4B-00C04F79EFBC}") = "MuseumTracker", "MuseumTracker\MuseumTracker.csproj", "{B05658F3-0AFF-4C63-BB14-3220194AB432}"
EndProject
Project("{FAE04EC0-301F-11D3-BF4B-00C04F79EFBC}") = "ScarecrowEnhancer", "ScarecrowEnhancer\ScarecrowEnhancer.csproj", "{0898A55A-F6EE-4FE1-B856-3BA002B81944}"
EndProject
Project("{FAE04EC0-301F-11D3-BF4B-00C04F79EFBC}") = "AccessibleFertilizers", "AccessibleFertilizers\AccessibleFertilizers.csproj", "{FCE50F67-A683-4082-B6A1-C37F1B1DF25A}"
EndProject
Project("{FAE04EC0-301F-11D3-BF4B-00C04F79EFBC}") = "Playground", "Playground\Playground.csproj", "{4CBB8DE1-24A3-4BDF-8E5C-E65414AADB63}"
EndProject
Project("{FAE04EC0-301F-11D3-BF4B-00C04F79EFBC}") = "BanishSnaccoons", "BanishSnaccoons\BanishSnaccoons.csproj", "{B1D685D7-9ECD-4025-B763-B2E6C28F32E2}"
EndProject
Project("{FAE04EC0-301F-11D3-BF4B-00C04F79EFBC}") = "QuickMount", "QuickMount\QuickMount.csproj", "{8BE92269-F8AB-446B-A2A2-353165FB1321}"
EndProject
Project("{FAE04EC0-301F-11D3-BF4B-00C04F79EFBC}") = "HDTextures", "HDTextures\HDTextures.csproj", "{47EB2DDE-694D-444D-839B-0B4A3692CFE8}"
EndProject
Project("{FAE04EC0-301F-11D3-BF4B-00C04F79EFBC}") = "QuickCastSpells", "QuickCastSpells\QuickCastSpells.csproj", "{05573225-A14D-41EF-8148-4441438FA9CF}"
EndProject
Project("{FAE04EC0-301F-11D3-BF4B-00C04F79EFBC}") = "WhatFishCanICatch", "WhatFishCanICatch\WhatFishCanICatch.csproj", "{727C172F-9454-4AD8-8B16-38D6BB918BDB}"
EndProject
Project("{FAE04EC0-301F-11D3-BF4B-00C04F79EFBC}") = "HideAndSeek", "HideAndSeek\HideAndSeek.csproj", "{A6785D05-044E-4CBA-AA15-EA1DFD5F1793}"
EndProject
Project("{FAE04EC0-301F-11D3-BF4B-00C04F79EFBC}") = "ReStack", "ReStack\ReStack.csproj", "{DF01425D-AAF9-40A3-BDE3-22ED26DEF5EB}"
EndProject
Project("{FAE04EC0-301F-11D3-BF4B-00C04F79EFBC}") = "Exporter", "Exporter\Exporter.csproj", "{006D8002-7E18-40A2-9B98-381F0FC20827}"
EndProject
Project("{FAE04EC0-301F-11D3-BF4B-00C04F79EFBC}") = "SaveBackups", "SaveBackups\SaveBackups.csproj", "{CBF6C965-AEA7-47D4-A180-6973602DBEC9}"
EndProject
Project("{FAE04EC0-301F-11D3-BF4B-00C04F79EFBC}") = "DecorateAnywhere", "DecorateAnywhere\DecorateAnywhere.csproj", "{3C6061A5-17F7-4008-84B9-75FB72BC526B}"
EndProject
Project("{FAE04EC0-301F-11D3-BF4B-00C04F79EFBC}") = "RemoveSkillcap", "RemoveSkillcap\RemoveSkillcap.csproj", "{F73B620D-6DB3-46ED-B920-06779A3D7886}"
EndProject
Project("{FAE04EC0-301F-11D3-BF4B-00C04F79EFBC}") = "Shrek", "Shrek\Shrek.csproj", "{FCC59E79-0617-4F6B-806A-970D722A5866}"
EndProject
Project("{FAE04EC0-301F-11D3-BF4B-00C04F79EFBC}") = "StoreReroll", "StoreReroll\StoreReroll.csproj", "{67A51F4A-A04F-4ABA-9CD3-832B9F8682F1}"
EndProject
Project("{FAE04EC0-301F-11D3-BF4B-00C04F79EFBC}") = "HealthInsurance", "HealthInsurance\HealthInsurance.csproj", "{B29EF6F0-68F6-419C-8079-07B009FA9A2E}"
EndProject
Project("{FAE04EC0-301F-11D3-BF4B-00C04F79EFBC}") = "CreativeMode", "CreativeMode\CreativeMode.csproj", "{4DF3C9A7-EDCA-477B-911D-60798D2C1B9F}"
EndProject
Project("{FAE04EC0-301F-11D3-BF4B-00C04F79EFBC}") = "BetterMultiplayer", "BetterMultiplayer\BetterMultiplayer.csproj", "{038327E9-1A91-4203-9E91-28833031724F}"
EndProject
Project("{FAE04EC0-301F-11D3-BF4B-00C04F79EFBC}") = "Sprinklers", "Sprinklers\Sprinklers.csproj", "{589949B5-9CC2-4015-9609-737175A024C2}"
EndProject
Project("{FAE04EC0-301F-11D3-BF4B-00C04F79EFBC}") = "Morthy.Util", "Morthy.Util\Morthy.Util.csproj", "{6B778F29-7672-4F4A-9527-DB7EA7E2E10F}"
EndProject
Project("{FAE04EC0-301F-11D3-BF4B-00C04F79EFBC}") = "Quasar", "Quasar\Quasar.csproj", "{5A8692AC-4EE8-48FC-B8AE-006235BB070A}"
EndProject
Project("{FAE04EC0-301F-11D3-BF4B-00C04F79EFBC}") = "WhatItemsCanICraft", "WhatItemsCanICraft\WhatItemsCanICraft.csproj", "{45940036-88EC-4384-81BE-7F629454A027}"
EndProject
Project("{FAE04EC0-301F-11D3-BF4B-00C04F79EFBC}") = "NPCNames", "NPCNames\NPCNames.csproj", "{2C9ED9B9-119B-4D5D-A9D3-91217DFFFE5E}"
EndProject
Project("{FAE04EC0-301F-11D3-BF4B-00C04F79EFBC}") = "CustomTextures", "CustomTextures\CustomTextures.csproj", "{42D222A2-C415-4F6A-81DE-3BB23FE72E75}"
EndProject
Project("{FAE04EC0-301F-11D3-BF4B-00C04F79EFBC}") = "CustomItems", "CustomItems\CustomItems.csproj", "{7D6A6FC7-C086-48FB-96FD-C1557A51AA79}"
EndProject
Global
	GlobalSection(SolutionConfigurationPlatforms) = preSolution
		Debug|Any CPU = Debug|Any CPU
		Release|Any CPU = Release|Any CPU
	EndGlobalSection
	GlobalSection(ProjectConfigurationPlatforms) = postSolution
		{CFADF206-5E05-4C72-A239-8FC232361BCC}.Debug|Any CPU.ActiveCfg = Debug|Any CPU
		{CFADF206-5E05-4C72-A239-8FC232361BCC}.Debug|Any CPU.Build.0 = Debug|Any CPU
		{CFADF206-5E05-4C72-A239-8FC232361BCC}.Release|Any CPU.ActiveCfg = Release|Any CPU
		{CFADF206-5E05-4C72-A239-8FC232361BCC}.Release|Any CPU.Build.0 = Release|Any CPU
		{DD499BEE-3A3F-491A-BE9D-64A94979BD73}.Debug|Any CPU.ActiveCfg = Debug|Any CPU
		{DD499BEE-3A3F-491A-BE9D-64A94979BD73}.Debug|Any CPU.Build.0 = Debug|Any CPU
		{DD499BEE-3A3F-491A-BE9D-64A94979BD73}.Release|Any CPU.ActiveCfg = Release|Any CPU
		{DD499BEE-3A3F-491A-BE9D-64A94979BD73}.Release|Any CPU.Build.0 = Release|Any CPU
		{B05658F3-0AFF-4C63-BB14-3220194AB432}.Debug|Any CPU.ActiveCfg = Debug|Any CPU
		{B05658F3-0AFF-4C63-BB14-3220194AB432}.Debug|Any CPU.Build.0 = Debug|Any CPU
		{B05658F3-0AFF-4C63-BB14-3220194AB432}.Release|Any CPU.ActiveCfg = Release|Any CPU
		{B05658F3-0AFF-4C63-BB14-3220194AB432}.Release|Any CPU.Build.0 = Release|Any CPU
		{0898A55A-F6EE-4FE1-B856-3BA002B81944}.Debug|Any CPU.ActiveCfg = Debug|Any CPU
		{0898A55A-F6EE-4FE1-B856-3BA002B81944}.Debug|Any CPU.Build.0 = Debug|Any CPU
		{0898A55A-F6EE-4FE1-B856-3BA002B81944}.Release|Any CPU.ActiveCfg = Release|Any CPU
		{0898A55A-F6EE-4FE1-B856-3BA002B81944}.Release|Any CPU.Build.0 = Release|Any CPU
		{FCE50F67-A683-4082-B6A1-C37F1B1DF25A}.Debug|Any CPU.ActiveCfg = Debug|Any CPU
		{FCE50F67-A683-4082-B6A1-C37F1B1DF25A}.Debug|Any CPU.Build.0 = Debug|Any CPU
		{FCE50F67-A683-4082-B6A1-C37F1B1DF25A}.Release|Any CPU.ActiveCfg = Release|Any CPU
		{FCE50F67-A683-4082-B6A1-C37F1B1DF25A}.Release|Any CPU.Build.0 = Release|Any CPU
		{4CBB8DE1-24A3-4BDF-8E5C-E65414AADB63}.Debug|Any CPU.ActiveCfg = Debug|Any CPU
		{4CBB8DE1-24A3-4BDF-8E5C-E65414AADB63}.Debug|Any CPU.Build.0 = Debug|Any CPU
		{4CBB8DE1-24A3-4BDF-8E5C-E65414AADB63}.Release|Any CPU.ActiveCfg = Release|Any CPU
		{4CBB8DE1-24A3-4BDF-8E5C-E65414AADB63}.Release|Any CPU.Build.0 = Release|Any CPU
		{B1D685D7-9ECD-4025-B763-B2E6C28F32E2}.Debug|Any CPU.ActiveCfg = Debug|Any CPU
		{B1D685D7-9ECD-4025-B763-B2E6C28F32E2}.Debug|Any CPU.Build.0 = Debug|Any CPU
		{B1D685D7-9ECD-4025-B763-B2E6C28F32E2}.Release|Any CPU.ActiveCfg = Release|Any CPU
		{B1D685D7-9ECD-4025-B763-B2E6C28F32E2}.Release|Any CPU.Build.0 = Release|Any CPU
		{8BE92269-F8AB-446B-A2A2-353165FB1321}.Debug|Any CPU.ActiveCfg = Debug|Any CPU
		{8BE92269-F8AB-446B-A2A2-353165FB1321}.Debug|Any CPU.Build.0 = Debug|Any CPU
		{8BE92269-F8AB-446B-A2A2-353165FB1321}.Release|Any CPU.ActiveCfg = Release|Any CPU
		{8BE92269-F8AB-446B-A2A2-353165FB1321}.Release|Any CPU.Build.0 = Release|Any CPU
		{47EB2DDE-694D-444D-839B-0B4A3692CFE8}.Debug|Any CPU.ActiveCfg = Debug|Any CPU
		{47EB2DDE-694D-444D-839B-0B4A3692CFE8}.Debug|Any CPU.Build.0 = Debug|Any CPU
		{47EB2DDE-694D-444D-839B-0B4A3692CFE8}.Release|Any CPU.ActiveCfg = Release|Any CPU
		{47EB2DDE-694D-444D-839B-0B4A3692CFE8}.Release|Any CPU.Build.0 = Release|Any CPU
		{05573225-A14D-41EF-8148-4441438FA9CF}.Debug|Any CPU.ActiveCfg = Debug|Any CPU
		{05573225-A14D-41EF-8148-4441438FA9CF}.Debug|Any CPU.Build.0 = Debug|Any CPU
		{05573225-A14D-41EF-8148-4441438FA9CF}.Release|Any CPU.ActiveCfg = Release|Any CPU
		{05573225-A14D-41EF-8148-4441438FA9CF}.Release|Any CPU.Build.0 = Release|Any CPU
		{727C172F-9454-4AD8-8B16-38D6BB918BDB}.Debug|Any CPU.ActiveCfg = Debug|Any CPU
		{727C172F-9454-4AD8-8B16-38D6BB918BDB}.Debug|Any CPU.Build.0 = Debug|Any CPU
		{727C172F-9454-4AD8-8B16-38D6BB918BDB}.Release|Any CPU.ActiveCfg = Release|Any CPU
		{727C172F-9454-4AD8-8B16-38D6BB918BDB}.Release|Any CPU.Build.0 = Release|Any CPU
		{A6785D05-044E-4CBA-AA15-EA1DFD5F1793}.Debug|Any CPU.ActiveCfg = Debug|Any CPU
		{A6785D05-044E-4CBA-AA15-EA1DFD5F1793}.Debug|Any CPU.Build.0 = Debug|Any CPU
		{A6785D05-044E-4CBA-AA15-EA1DFD5F1793}.Release|Any CPU.ActiveCfg = Release|Any CPU
		{A6785D05-044E-4CBA-AA15-EA1DFD5F1793}.Release|Any CPU.Build.0 = Release|Any CPU
		{DF01425D-AAF9-40A3-BDE3-22ED26DEF5EB}.Debug|Any CPU.ActiveCfg = Debug|Any CPU
		{DF01425D-AAF9-40A3-BDE3-22ED26DEF5EB}.Debug|Any CPU.Build.0 = Debug|Any CPU
		{DF01425D-AAF9-40A3-BDE3-22ED26DEF5EB}.Release|Any CPU.ActiveCfg = Release|Any CPU
		{DF01425D-AAF9-40A3-BDE3-22ED26DEF5EB}.Release|Any CPU.Build.0 = Release|Any CPU
		{006D8002-7E18-40A2-9B98-381F0FC20827}.Debug|Any CPU.ActiveCfg = Debug|Any CPU
		{006D8002-7E18-40A2-9B98-381F0FC20827}.Debug|Any CPU.Build.0 = Debug|Any CPU
		{006D8002-7E18-40A2-9B98-381F0FC20827}.Release|Any CPU.ActiveCfg = Release|Any CPU
		{006D8002-7E18-40A2-9B98-381F0FC20827}.Release|Any CPU.Build.0 = Release|Any CPU
		{CBF6C965-AEA7-47D4-A180-6973602DBEC9}.Debug|Any CPU.ActiveCfg = Debug|Any CPU
		{CBF6C965-AEA7-47D4-A180-6973602DBEC9}.Debug|Any CPU.Build.0 = Debug|Any CPU
		{CBF6C965-AEA7-47D4-A180-6973602DBEC9}.Release|Any CPU.ActiveCfg = Release|Any CPU
		{CBF6C965-AEA7-47D4-A180-6973602DBEC9}.Release|Any CPU.Build.0 = Release|Any CPU
		{3C6061A5-17F7-4008-84B9-75FB72BC526B}.Debug|Any CPU.ActiveCfg = Debug|Any CPU
		{3C6061A5-17F7-4008-84B9-75FB72BC526B}.Debug|Any CPU.Build.0 = Debug|Any CPU
		{3C6061A5-17F7-4008-84B9-75FB72BC526B}.Release|Any CPU.ActiveCfg = Release|Any CPU
		{3C6061A5-17F7-4008-84B9-75FB72BC526B}.Release|Any CPU.Build.0 = Release|Any CPU
		{F73B620D-6DB3-46ED-B920-06779A3D7886}.Debug|Any CPU.ActiveCfg = Debug|Any CPU
		{F73B620D-6DB3-46ED-B920-06779A3D7886}.Debug|Any CPU.Build.0 = Debug|Any CPU
		{F73B620D-6DB3-46ED-B920-06779A3D7886}.Release|Any CPU.ActiveCfg = Release|Any CPU
		{F73B620D-6DB3-46ED-B920-06779A3D7886}.Release|Any CPU.Build.0 = Release|Any CPU
		{FCC59E79-0617-4F6B-806A-970D722A5866}.Debug|Any CPU.ActiveCfg = Debug|Any CPU
		{FCC59E79-0617-4F6B-806A-970D722A5866}.Debug|Any CPU.Build.0 = Debug|Any CPU
		{FCC59E79-0617-4F6B-806A-970D722A5866}.Release|Any CPU.ActiveCfg = Release|Any CPU
		{FCC59E79-0617-4F6B-806A-970D722A5866}.Release|Any CPU.Build.0 = Release|Any CPU
		{67A51F4A-A04F-4ABA-9CD3-832B9F8682F1}.Debug|Any CPU.ActiveCfg = Debug|Any CPU
		{67A51F4A-A04F-4ABA-9CD3-832B9F8682F1}.Debug|Any CPU.Build.0 = Debug|Any CPU
		{67A51F4A-A04F-4ABA-9CD3-832B9F8682F1}.Release|Any CPU.ActiveCfg = Release|Any CPU
		{67A51F4A-A04F-4ABA-9CD3-832B9F8682F1}.Release|Any CPU.Build.0 = Release|Any CPU
		{B29EF6F0-68F6-419C-8079-07B009FA9A2E}.Debug|Any CPU.ActiveCfg = Debug|Any CPU
		{B29EF6F0-68F6-419C-8079-07B009FA9A2E}.Debug|Any CPU.Build.0 = Debug|Any CPU
		{B29EF6F0-68F6-419C-8079-07B009FA9A2E}.Release|Any CPU.ActiveCfg = Release|Any CPU
		{B29EF6F0-68F6-419C-8079-07B009FA9A2E}.Release|Any CPU.Build.0 = Release|Any CPU
		{4DF3C9A7-EDCA-477B-911D-60798D2C1B9F}.Debug|Any CPU.ActiveCfg = Debug|Any CPU
		{4DF3C9A7-EDCA-477B-911D-60798D2C1B9F}.Debug|Any CPU.Build.0 = Debug|Any CPU
		{4DF3C9A7-EDCA-477B-911D-60798D2C1B9F}.Release|Any CPU.ActiveCfg = Release|Any CPU
		{4DF3C9A7-EDCA-477B-911D-60798D2C1B9F}.Release|Any CPU.Build.0 = Release|Any CPU
		{038327E9-1A91-4203-9E91-28833031724F}.Debug|Any CPU.ActiveCfg = Debug|Any CPU
		{038327E9-1A91-4203-9E91-28833031724F}.Debug|Any CPU.Build.0 = Debug|Any CPU
		{038327E9-1A91-4203-9E91-28833031724F}.Release|Any CPU.ActiveCfg = Release|Any CPU
		{038327E9-1A91-4203-9E91-28833031724F}.Release|Any CPU.Build.0 = Release|Any CPU
		{589949B5-9CC2-4015-9609-737175A024C2}.Debug|Any CPU.ActiveCfg = Debug|Any CPU
		{589949B5-9CC2-4015-9609-737175A024C2}.Debug|Any CPU.Build.0 = Debug|Any CPU
		{589949B5-9CC2-4015-9609-737175A024C2}.Release|Any CPU.ActiveCfg = Release|Any CPU
		{589949B5-9CC2-4015-9609-737175A024C2}.Release|Any CPU.Build.0 = Release|Any CPU
		{6B778F29-7672-4F4A-9527-DB7EA7E2E10F}.Debug|Any CPU.ActiveCfg = Debug|Any CPU
		{6B778F29-7672-4F4A-9527-DB7EA7E2E10F}.Debug|Any CPU.Build.0 = Debug|Any CPU
		{6B778F29-7672-4F4A-9527-DB7EA7E2E10F}.Release|Any CPU.ActiveCfg = Release|Any CPU
		{6B778F29-7672-4F4A-9527-DB7EA7E2E10F}.Release|Any CPU.Build.0 = Release|Any CPU
		{5A8692AC-4EE8-48FC-B8AE-006235BB070A}.Debug|Any CPU.ActiveCfg = Debug|Any CPU
		{5A8692AC-4EE8-48FC-B8AE-006235BB070A}.Debug|Any CPU.Build.0 = Debug|Any CPU
		{5A8692AC-4EE8-48FC-B8AE-006235BB070A}.Release|Any CPU.ActiveCfg = Release|Any CPU
		{5A8692AC-4EE8-48FC-B8AE-006235BB070A}.Release|Any CPU.Build.0 = Release|Any CPU
		{45940036-88EC-4384-81BE-7F629454A027}.Debug|Any CPU.ActiveCfg = Debug|Any CPU
		{45940036-88EC-4384-81BE-7F629454A027}.Debug|Any CPU.Build.0 = Debug|Any CPU
		{45940036-88EC-4384-81BE-7F629454A027}.Release|Any CPU.ActiveCfg = Release|Any CPU
		{45940036-88EC-4384-81BE-7F629454A027}.Release|Any CPU.Build.0 = Release|Any CPU
		{2C9ED9B9-119B-4D5D-A9D3-91217DFFFE5E}.Debug|Any CPU.ActiveCfg = Debug|Any CPU
		{2C9ED9B9-119B-4D5D-A9D3-91217DFFFE5E}.Debug|Any CPU.Build.0 = Debug|Any CPU
		{2C9ED9B9-119B-4D5D-A9D3-91217DFFFE5E}.Release|Any CPU.ActiveCfg = Release|Any CPU
		{2C9ED9B9-119B-4D5D-A9D3-91217DFFFE5E}.Release|Any CPU.Build.0 = Release|Any CPU
		{42D222A2-C415-4F6A-81DE-3BB23FE72E75}.Debug|Any CPU.ActiveCfg = Debug|Any CPU
		{42D222A2-C415-4F6A-81DE-3BB23FE72E75}.Debug|Any CPU.Build.0 = Debug|Any CPU
		{42D222A2-C415-4F6A-81DE-3BB23FE72E75}.Release|Any CPU.ActiveCfg = Release|Any CPU
		{42D222A2-C415-4F6A-81DE-3BB23FE72E75}.Release|Any CPU.Build.0 = Release|Any CPU
		{7D6A6FC7-C086-48FB-96FD-C1557A51AA79}.Debug|Any CPU.ActiveCfg = Debug|Any CPU
		{7D6A6FC7-C086-48FB-96FD-C1557A51AA79}.Debug|Any CPU.Build.0 = Debug|Any CPU
		{7D6A6FC7-C086-48FB-96FD-C1557A51AA79}.Release|Any CPU.ActiveCfg = Release|Any CPU
		{7D6A6FC7-C086-48FB-96FD-C1557A51AA79}.Release|Any CPU.Build.0 = Release|Any CPU
	EndGlobalSection
EndGlobal
